
Microsoft Visual Studio Solution File, Format Version 12.00
# Visual Studio 15
VisualStudioVersion = 15.0.28010.2019
MinimumVisualStudioVersion = 10.0.40219.1
Project("{8BC9CEB8-8B4A-11D0-8D11-00A0C91BC942}") = "Ch. 3", "Ch. 3\Ch. 3.vcxproj", "{262B207B-708B-46F6-833C-26EAA8BF8BCD}"
EndProject
Global
	GlobalSection(SolutionConfigurationPlatforms) = preSolution
		Debug|x64 = Debug|x64
		Debug|x86 = Debug|x86
		Release|x64 = Release|x64
		Release|x86 = Release|x86
	EndGlobalSection
	GlobalSection(ProjectConfigurationPlatforms) = postSolution
		{262B207B-708B-46F6-833C-26EAA8BF8BCD}.Debug|x64.ActiveCfg = Debug|x64
		{262B207B-708B-46F6-833C-26EAA8BF8BCD}.Debug|x64.Build.0 = Debug|x64
		{262B207B-708B-46F6-833C-26EAA8BF8BCD}.Debug|x86.ActiveCfg = Debug|Win32
		{262B207B-708B-46F6-833C-26EAA8BF8BCD}.Debug|x86.Build.0 = Debug|Win32
		{262B207B-708B-46F6-833C-26EAA8BF8BCD}.Release|x64.ActiveCfg = Release|x64
		{262B207B-708B-46F6-833C-26EAA8BF8BCD}.Release|x64.Build.0 = Release|x64
		{262B207B-708B-46F6-833C-26EAA8BF8BCD}.Release|x86.ActiveCfg = Release|Win32
		{262B207B-708B-46F6-833C-26EAA8BF8BCD}.Release|x86.Build.0 = Release|Win32
	EndGlobalSection
	GlobalSection(SolutionProperties) = preSolution
		HideSolutionNode = FALSE
	EndGlobalSection
	GlobalSection(ExtensibilityGlobals) = postSolution
		SolutionGuid = {3C6D7FCB-88CC-492E-90FF-0C49D91F6D1E}
	EndGlobalSection
EndGlobal
